# This file is automatically @generated by Cargo.
# It is not intended for manual editing.
version = 3

[[package]]
name = "ahash"
version = "0.8.11"
source = "registry+https://github.com/rust-lang/crates.io-index"
checksum = "e89da841a80418a9b391ebaea17f5c112ffaaa96f621d2c285b5174da76b9011"
dependencies = [
 "cfg-if",
 "const-random",
 "once_cell",
 "version_check",
 "zerocopy",
]

[[package]]
name = "anyhow"
version = "1.0.82"
source = "registry+https://github.com/rust-lang/crates.io-index"
checksum = "f538837af36e6f6a9be0faa67f9a314f8119e4e4b5867c6ab40ed60360142519"

[[package]]
name = "autocfg"
version = "1.2.0"
source = "registry+https://github.com/rust-lang/crates.io-index"
checksum = "f1fdabc7756949593fe60f30ec81974b613357de856987752631dea1e3394c80"

[[package]]
name = "bumpalo"
version = "3.16.0"
source = "registry+https://github.com/rust-lang/crates.io-index"
checksum = "79296716171880943b8470b5f8d03aa55eb2e645a4874bdbb28adb49162e012c"

[[package]]
name = "byteorder"
version = "1.5.0"
source = "registry+https://github.com/rust-lang/crates.io-index"
checksum = "1fd0f2584146f6f2ef48085050886acf353beff7305ebd1ae69500e27c67f64b"

[[package]]
name = "cfg-if"
version = "1.0.0"
source = "registry+https://github.com/rust-lang/crates.io-index"
checksum = "baf1de4339761588bc0619e3cbc0120ee582ebb74b53b4efbf79117bd2da40fd"

[[package]]
name = "circuit"
version = "0.1.0"
dependencies = [
 "itertools 0.10.5",
 "plonky2",
]

[[package]]
name = "circuit_proc_macros"
version = "0.1.0"
dependencies = [
 "circuit",
 "itertools 0.10.5",
 "proc-macro2",
 "quote",
 "syn 2.0.60",
]

[[package]]
name = "const-random"
version = "0.1.18"
source = "registry+https://github.com/rust-lang/crates.io-index"
checksum = "87e00182fe74b066627d63b85fd550ac2998d4b0bd86bfed477a0ae4c7c71359"
dependencies = [
 "const-random-macro",
]

[[package]]
name = "const-random-macro"
version = "0.1.16"
source = "registry+https://github.com/rust-lang/crates.io-index"
checksum = "f9d839f2a20b0aee515dc581a6172f2321f96cab76c1a38a4c584a194955390e"
dependencies = [
 "getrandom",
 "once_cell",
 "tiny-keccak",
]

[[package]]
name = "crossbeam-deque"
version = "0.8.5"
source = "registry+https://github.com/rust-lang/crates.io-index"
checksum = "613f8cc01fe9cf1a3eb3d7f488fd2fa8388403e97039e2f73692932e291a770d"
dependencies = [
 "crossbeam-epoch",
 "crossbeam-utils",
]

[[package]]
name = "crossbeam-epoch"
version = "0.9.18"
source = "registry+https://github.com/rust-lang/crates.io-index"
checksum = "5b82ac4a3c2ca9c3460964f020e1402edd5753411d7737aa39c3714ad1b5420e"
dependencies = [
 "crossbeam-utils",
]

[[package]]
name = "crossbeam-utils"
version = "0.8.19"
source = "registry+https://github.com/rust-lang/crates.io-index"
checksum = "248e3bacc7dc6baa3b21e405ee045c3047101a49145e7e9eca583ab4c2ca5345"

[[package]]
name = "crunchy"
version = "0.2.2"
source = "registry+https://github.com/rust-lang/crates.io-index"
checksum = "7a81dae078cea95a014a339291cec439d2f232ebe854a9d672b796c6afafa9b7"

[[package]]
name = "either"
version = "1.11.0"
source = "registry+https://github.com/rust-lang/crates.io-index"
checksum = "a47c1c47d2f5964e29c61246e81db715514cd532db6b5116a25ea3c03d6780a2"

[[package]]
name = "fixed-hash"
version = "0.7.0"
source = "registry+https://github.com/rust-lang/crates.io-index"
checksum = "cfcf0ed7fe52a17a03854ec54a9f76d6d84508d1c0e66bc1793301c73fc8493c"
dependencies = [
 "static_assertions",
]

[[package]]
name = "getrandom"
version = "0.2.14"
source = "registry+https://github.com/rust-lang/crates.io-index"
checksum = "94b22e06ecb0110981051723910cbf0b5f5e09a2062dd7663334ee79a9d1286c"
dependencies = [
 "cfg-if",
 "js-sys",
 "libc",
 "wasi",
 "wasm-bindgen",
]

[[package]]
name = "hashbrown"
version = "0.14.5"
source = "registry+https://github.com/rust-lang/crates.io-index"
checksum = "e5274423e17b7c9fc20b6e7e208532f9b19825d82dfd615708b70edd83df41f1"
dependencies = [
 "ahash",
 "rayon",
 "serde",
]

[[package]]
name = "hex"
version = "0.4.3"
source = "registry+https://github.com/rust-lang/crates.io-index"
checksum = "7f24254aa9a54b5c858eaee2f5bccdb46aaf0e486a595ed5fd8f86ba55232a70"

[[package]]
name = "itertools"
version = "0.10.5"
source = "registry+https://github.com/rust-lang/crates.io-index"
checksum = "b0fd2260e829bddf4cb6ea802289de2f86d6a7a690192fbe91b3f46e0f2c8473"
dependencies = [
 "either",
]

[[package]]
name = "itertools"
version = "0.11.0"
source = "registry+https://github.com/rust-lang/crates.io-index"
checksum = "b1c173a5686ce8bfa551b3563d0c2170bf24ca44da99c7ca4bfdab5418c3fe57"
dependencies = [
 "either",
]

[[package]]
name = "js-sys"
version = "0.3.69"
source = "registry+https://github.com/rust-lang/crates.io-index"
checksum = "29c15563dc2726973df627357ce0c9ddddbea194836909d655df6a75d2cf296d"
dependencies = [
 "wasm-bindgen",
]

[[package]]
name = "keccak-hash"
version = "0.8.0"
source = "registry+https://github.com/rust-lang/crates.io-index"
checksum = "ce2bd4c29270e724d3eaadf7bdc8700af4221fc0ed771b855eadcd1b98d52851"
dependencies = [
 "primitive-types",
 "tiny-keccak",
]

[[package]]
name = "libc"
version = "0.2.154"
source = "registry+https://github.com/rust-lang/crates.io-index"
checksum = "ae743338b92ff9146ce83992f766a31066a91a8c84a45e0e9f21e7cf6de6d346"

[[package]]
name = "log"
version = "0.4.21"
source = "registry+https://github.com/rust-lang/crates.io-index"
checksum = "90ed8c1e510134f979dbc4f070f87d4313098b704861a105fe34231c70a3901c"

[[package]]
name = "num"
version = "0.4.2"
source = "registry+https://github.com/rust-lang/crates.io-index"
checksum = "3135b08af27d103b0a51f2ae0f8632117b7b185ccf931445affa8df530576a41"
dependencies = [
 "num-bigint",
 "num-complex",
 "num-integer",
 "num-iter",
 "num-rational",
 "num-traits",
]

[[package]]
name = "num-bigint"
version = "0.4.4"
source = "registry+https://github.com/rust-lang/crates.io-index"
checksum = "608e7659b5c3d7cba262d894801b9ec9d00de989e8a82bd4bef91d08da45cdc0"
dependencies = [
 "autocfg",
 "num-integer",
 "num-traits",
 "rand",
]

[[package]]
name = "num-complex"
version = "0.4.5"
source = "registry+https://github.com/rust-lang/crates.io-index"
checksum = "23c6602fda94a57c990fe0df199a035d83576b496aa29f4e634a8ac6004e68a6"
dependencies = [
 "num-traits",
 "rand",
]

[[package]]
name = "num-integer"
version = "0.1.46"
source = "registry+https://github.com/rust-lang/crates.io-index"
checksum = "7969661fd2958a5cb096e56c8e1ad0444ac2bbcd0061bd28660485a44879858f"
dependencies = [
 "num-traits",
]

[[package]]
name = "num-iter"
version = "0.1.44"
source = "registry+https://github.com/rust-lang/crates.io-index"
checksum = "d869c01cc0c455284163fd0092f1f93835385ccab5a98a0dcc497b2f8bf055a9"
dependencies = [
 "autocfg",
 "num-integer",
 "num-traits",
]

[[package]]
name = "num-rational"
version = "0.4.1"
source = "registry+https://github.com/rust-lang/crates.io-index"
checksum = "0638a1c9d0a3c0914158145bc76cff373a75a627e6ecbfb71cbe6f453a5a19b0"
dependencies = [
 "autocfg",
 "num-bigint",
 "num-integer",
 "num-traits",
]

[[package]]
name = "num-traits"
version = "0.2.18"
source = "registry+https://github.com/rust-lang/crates.io-index"
checksum = "da0df0e5185db44f69b44f26786fe401b6c293d1907744beaa7fa62b2e5a517a"
dependencies = [
 "autocfg",
]

[[package]]
name = "once_cell"
version = "1.19.0"
source = "registry+https://github.com/rust-lang/crates.io-index"
checksum = "3fdb12b2476b595f9358c5161aa467c2438859caa136dec86c26fdd2efe17b92"

[[package]]
name = "plonky2"
version = "0.2.0"
source = "git+https://github.com/metacraft-labs/plonky2#3ae50655f371184023815f50a42555c1cd9d7023"
dependencies = [
 "ahash",
 "anyhow",
 "getrandom",
 "hashbrown",
 "itertools 0.11.0",
 "keccak-hash",
 "log",
 "num",
 "plonky2_field",
 "plonky2_maybe_rayon",
 "plonky2_util",
 "rand",
 "rand_chacha",
 "serde",
 "static_assertions",
 "unroll",
 "web-time",
]

[[package]]
name = "plonky2_field"
version = "0.2.0"
source = "git+https://github.com/metacraft-labs/plonky2#3ae50655f371184023815f50a42555c1cd9d7023"
dependencies = [
 "anyhow",
 "itertools 0.11.0",
 "num",
 "plonky2_util",
 "rand",
 "serde",
 "static_assertions",
 "unroll",
]

[[package]]
name = "plonky2_maybe_rayon"
version = "0.2.0"
source = "git+https://github.com/metacraft-labs/plonky2#3ae50655f371184023815f50a42555c1cd9d7023"
dependencies = [
 "rayon",
]

[[package]]
name = "plonky2_util"
version = "0.2.0"
source = "git+https://github.com/metacraft-labs/plonky2#3ae50655f371184023815f50a42555c1cd9d7023"

[[package]]
name = "ppv-lite86"
version = "0.2.17"
source = "registry+https://github.com/rust-lang/crates.io-index"
checksum = "5b40af805b3121feab8a3c29f04d8ad262fa8e0561883e7653e024ae4479e6de"

[[package]]
name = "primitive-types"
version = "0.10.1"
source = "registry+https://github.com/rust-lang/crates.io-index"
checksum = "05e4722c697a58a99d5d06a08c30821d7c082a4632198de1eaa5a6c22ef42373"
dependencies = [
 "fixed-hash",
 "uint",
]

[[package]]
name = "proc-macro2"
version = "1.0.81"
source = "registry+https://github.com/rust-lang/crates.io-index"
checksum = "3d1597b0c024618f09a9c3b8655b7e430397a36d23fdafec26d6965e9eec3eba"
dependencies = [
 "unicode-ident",
]

[[package]]
name = "quote"
version = "1.0.36"
source = "registry+https://github.com/rust-lang/crates.io-index"
checksum = "0fa76aaf39101c457836aec0ce2316dbdc3ab723cdda1c6bd4e6ad4208acaca7"
dependencies = [
 "proc-macro2",
]

[[package]]
name = "rand"
version = "0.8.5"
source = "registry+https://github.com/rust-lang/crates.io-index"
checksum = "34af8d1a0e25924bc5b7c43c079c942339d8f0a8b57c39049bef581b46327404"
dependencies = [
 "libc",
 "rand_chacha",
 "rand_core",
]

[[package]]
name = "rand_chacha"
version = "0.3.1"
source = "registry+https://github.com/rust-lang/crates.io-index"
checksum = "e6c10a63a0fa32252be49d21e7709d4d4baf8d231c2dbce1eaa8141b9b127d88"
dependencies = [
 "ppv-lite86",
 "rand_core",
]

[[package]]
name = "rand_core"
version = "0.6.4"
source = "registry+https://github.com/rust-lang/crates.io-index"
checksum = "ec0be4795e2f6a28069bec0b5ff3e2ac9bafc99e6a9a7dc3547996c5c816922c"
dependencies = [
 "getrandom",
]

[[package]]
name = "rayon"
version = "1.10.0"
source = "registry+https://github.com/rust-lang/crates.io-index"
checksum = "b418a60154510ca1a002a752ca9714984e21e4241e804d32555251faf8b78ffa"
dependencies = [
 "either",
 "rayon-core",
]

[[package]]
name = "rayon-core"
version = "1.12.1"
source = "registry+https://github.com/rust-lang/crates.io-index"
checksum = "1465873a3dfdaa8ae7cb14b4383657caab0b3e8a0aa9ae8e04b044854c8dfce2"
dependencies = [
 "crossbeam-deque",
 "crossbeam-utils",
]

[[package]]
name = "serde"
version = "1.0.200"
source = "registry+https://github.com/rust-lang/crates.io-index"
checksum = "ddc6f9cc94d67c0e21aaf7eda3a010fd3af78ebf6e096aa6e2e13c79749cce4f"
dependencies = [
 "serde_derive",
]

[[package]]
name = "serde_derive"
version = "1.0.200"
source = "registry+https://github.com/rust-lang/crates.io-index"
checksum = "856f046b9400cee3c8c94ed572ecdb752444c24528c035cd35882aad6f492bcb"
dependencies = [
 "proc-macro2",
 "quote",
 "syn 2.0.60",
]

[[package]]
name = "static_assertions"
version = "1.1.0"
source = "registry+https://github.com/rust-lang/crates.io-index"
checksum = "a2eb9349b6444b326872e140eb1cf5e7c522154d69e7a0ffb0fb81c06b37543f"

[[package]]
name = "syn"
version = "1.0.109"
source = "registry+https://github.com/rust-lang/crates.io-index"
checksum = "72b64191b275b66ffe2469e8af2c1cfe3bafa67b529ead792a6d0160888b4237"
dependencies = [
 "proc-macro2",
 "quote",
 "unicode-ident",
]

[[package]]
name = "syn"
version = "2.0.60"
source = "registry+https://github.com/rust-lang/crates.io-index"
checksum = "909518bc7b1c9b779f1bbf07f2929d35af9f0f37e47c6e9ef7f9dddc1e1821f3"
dependencies = [
 "proc-macro2",
 "quote",
 "unicode-ident",
]

[[package]]
name = "tiny-keccak"
version = "2.0.2"
source = "registry+https://github.com/rust-lang/crates.io-index"
checksum = "2c9d3793400a45f954c52e73d068316d76b6f4e36977e3fcebb13a2721e80237"
dependencies = [
 "crunchy",
]

[[package]]
name = "uint"
version = "0.9.5"
source = "registry+https://github.com/rust-lang/crates.io-index"
checksum = "76f64bba2c53b04fcab63c01a7d7427eadc821e3bc48c34dc9ba29c501164b52"
dependencies = [
 "byteorder",
 "crunchy",
 "hex",
 "static_assertions",
]

[[package]]
name = "unicode-ident"
version = "1.0.12"
source = "registry+https://github.com/rust-lang/crates.io-index"
checksum = "3354b9ac3fae1ff6755cb6db53683adb661634f67557942dea4facebec0fee4b"

[[package]]
name = "unroll"
version = "0.1.5"
source = "registry+https://github.com/rust-lang/crates.io-index"
checksum = "5ad948c1cb799b1a70f836077721a92a35ac177d4daddf4c20a633786d4cf618"
dependencies = [
 "quote",
 "syn 1.0.109",
]

[[package]]
name = "version_check"
version = "0.9.4"
source = "registry+https://github.com/rust-lang/crates.io-index"
checksum = "49874b5167b65d7193b8aba1567f5c7d93d001cafc34600cee003eda787e483f"

[[package]]
name = "wasi"
version = "0.11.0+wasi-snapshot-preview1"
source = "registry+https://github.com/rust-lang/crates.io-index"
checksum = "9c8d87e72b64a3b4db28d11ce29237c246188f4f51057d65a7eab63b7987e423"

[[package]]
name = "wasm-bindgen"
version = "0.2.92"
source = "registry+https://github.com/rust-lang/crates.io-index"
checksum = "4be2531df63900aeb2bca0daaaddec08491ee64ceecbee5076636a3b026795a8"
dependencies = [
 "cfg-if",
 "wasm-bindgen-macro",
]

[[package]]
name = "wasm-bindgen-backend"
version = "0.2.92"
source = "registry+https://github.com/rust-lang/crates.io-index"
checksum = "614d787b966d3989fa7bb98a654e369c762374fd3213d212cfc0251257e747da"
dependencies = [
 "bumpalo",
 "log",
 "once_cell",
 "proc-macro2",
 "quote",
 "syn 2.0.60",
 "wasm-bindgen-shared",
]

[[package]]
name = "wasm-bindgen-macro"
version = "0.2.92"
source = "registry+https://github.com/rust-lang/crates.io-index"
checksum = "a1f8823de937b71b9460c0c34e25f3da88250760bec0ebac694b49997550d726"
dependencies = [
 "quote",
 "wasm-bindgen-macro-support",
]

[[package]]
name = "wasm-bindgen-macro-support"
version = "0.2.92"
source = "registry+https://github.com/rust-lang/crates.io-index"
checksum = "e94f17b526d0a461a191c78ea52bbce64071ed5c04c9ffe424dcb38f74171bb7"
dependencies = [
 "proc-macro2",
 "quote",
 "syn 2.0.60",
 "wasm-bindgen-backend",
 "wasm-bindgen-shared",
]

[[package]]
name = "wasm-bindgen-shared"
version = "0.2.92"
source = "registry+https://github.com/rust-lang/crates.io-index"
checksum = "af190c94f2773fdb3729c55b007a722abb5384da03bc0986df4c289bf5567e96"

[[package]]
name = "web-time"
version = "1.1.0"
source = "registry+https://github.com/rust-lang/crates.io-index"
checksum = "5a6580f308b1fad9207618087a65c04e7a10bc77e02c8e84e9b00dd4b12fa0bb"
dependencies = [
 "js-sys",
 "wasm-bindgen",
]

[[package]]
name = "zerocopy"
version = "0.7.32"
source = "registry+https://github.com/rust-lang/crates.io-index"
checksum = "74d4d3961e53fa4c9a25a8637fc2bfaf2595b3d3ae34875568a5cf64787716be"
dependencies = [
 "zerocopy-derive",
]

[[package]]
name = "zerocopy-derive"
version = "0.7.32"
source = "registry+https://github.com/rust-lang/crates.io-index"
checksum = "9ce1b18ccd8e73a9321186f97e46f9f04b778851177567b1975109d26a08d2a6"
dependencies = [
 "proc-macro2",
 "quote",
 "syn 2.0.60",
]
