{
  "nodes": {
    "barretenberg": {
      "inputs": {
        "flake-utils": [
          "mcl-blockchain",
          "noir",
          "flake-utils"
        ],
        "nixpkgs": [
          "mcl-blockchain",
          "noir",
          "nixpkgs"
        ]
      },
      "locked": {
        "lastModified": 1688820427,
        "narHash": "sha256-w7yMeYp50KrlTn23TTKfYmLOQL4uIgw0wSX67v2tvvc=",
        "owner": "AztecProtocol",
        "repo": "barretenberg",
        "rev": "fdd46f77531a6fcc9d9b24a698c56590d54d487e",
        "type": "github"
      },
      "original": {
        "owner": "AztecProtocol",
        "repo": "barretenberg",
        "type": "github"
      }
    },
    "crane": {
      "inputs": {
        "flake-compat": [
          "mcl-blockchain",
          "flake-compat"
        ],
        "flake-utils": [
          "mcl-blockchain",
          "flake-utils"
        ],
        "nixpkgs": [
          "mcl-blockchain",
          "nixpkgs"
        ],
        "rust-overlay": [
          "mcl-blockchain",
          "rust-overlay"
        ]
      },
      "locked": {
        "lastModified": 1683505101,
        "narHash": "sha256-VBU64Jfu2V4sUR5+tuQS9erBRAe/QEYUxdVMcJGMZZs=",
        "owner": "ipetkov",
        "repo": "crane",
        "rev": "7b5bd9e5acb2bb0cfba2d65f34d8568a894cdb6c",
        "type": "github"
      },
      "original": {
        "owner": "ipetkov",
        "repo": "crane",
        "type": "github"
      }
    },
    "flake-compat": {
      "flake": false,
      "locked": {
        "lastModified": 1673956053,
        "narHash": "sha256-4gtG9iQuiKITOjNQQeQIpoIB6b16fm+504Ch3sNKLd8=",
        "owner": "edolstra",
        "repo": "flake-compat",
        "rev": "35bb57c0c8d8b62bbfd284272c928ceb64ddbde9",
        "type": "github"
      },
      "original": {
        "owner": "edolstra",
        "repo": "flake-compat",
        "type": "github"
      }
    },
    "flake-parts": {
      "inputs": {
        "nixpkgs-lib": [
          "mcl-blockchain",
          "nixpkgs"
        ]
      },
      "locked": {
        "lastModified": 1688466019,
        "narHash": "sha256-VeM2akYrBYMsb4W/MmBo1zmaMfgbL4cH3Pu8PGyIwJ0=",
        "owner": "hercules-ci",
        "repo": "flake-parts",
        "rev": "8e8d955c22df93dbe24f19ea04f47a74adbdc5ec",
        "type": "github"
      },
      "original": {
        "owner": "hercules-ci",
        "repo": "flake-parts",
        "type": "github"
      }
    },
    "flake-utils": {
      "inputs": {
        "systems": "systems"
      },
      "locked": {
        "lastModified": 1687709756,
        "narHash": "sha256-Y5wKlQSkgEK2weWdOu4J3riRd+kV/VCgHsqLNTTWQ/0=",
        "owner": "numtide",
        "repo": "flake-utils",
        "rev": "dbabf0ca0c0c4bce6ea5eaf65af5cb694d2082c7",
        "type": "github"
      },
      "original": {
        "owner": "numtide",
        "repo": "flake-utils",
        "type": "github"
      }
    },
    "mcl-blockchain": {
      "inputs": {
        "crane": "crane",
        "flake-compat": "flake-compat",
        "flake-parts": "flake-parts",
        "flake-utils": "flake-utils",
        "nix2container": "nix2container",
        "nixpkgs": "nixpkgs",
        "noir": "noir",
        "rust-overlay": "rust-overlay"
      },
      "locked": {
        "lastModified": 1697207196,
        "narHash": "sha256-BxIooMfBQBDFW/+GKnck3COYXViEuf75sYVEuyk237A=",
        "owner": "metacraft-labs",
        "repo": "nix-blockchain-development",
        "rev": "d2a1858516c47ac1ed7baaa6cc35b8578006b328",
        "type": "github"
      },
      "original": {
        "owner": "metacraft-labs",
        "repo": "nix-blockchain-development",
        "type": "github"
      }
    },
    "nix2container": {
      "inputs": {
        "flake-utils": [
          "mcl-blockchain",
          "flake-utils"
        ],
        "nixpkgs": [
          "mcl-blockchain",
          "nixpkgs"
        ]
      },
      "locked": {
        "lastModified": 1688922987,
        "narHash": "sha256-RnQwrCD5anqWfyDAVbfFIeU+Ha6cwt5QcIwIkaGRzQw=",
        "owner": "nlewo",
        "repo": "nix2container",
        "rev": "ab381a7d714ebf96a83882264245dbd34f0a7ec8",
        "type": "github"
      },
      "original": {
        "owner": "nlewo",
        "repo": "nix2container",
        "type": "github"
      }
    },
    "nixpkgs": {
      "locked": {
        "lastModified": 1688918189,
        "narHash": "sha256-f8ZlJ67LgEUDnN7ZsAyd1/Fyby1VdOXWg4XY/irSGrQ=",
        "owner": "NixOS",
        "repo": "nixpkgs",
        "rev": "408c0e8c15a1c9cf5c3226931b6f283c9867c484",
        "type": "github"
      },
      "original": {
        "owner": "NixOS",
        "ref": "nixos-unstable",
        "repo": "nixpkgs",
        "type": "github"
      }
    },
    "noir": {
      "inputs": {
        "barretenberg": "barretenberg",
        "crane": [
          "mcl-blockchain",
          "crane"
        ],
        "flake-compat": [
          "mcl-blockchain",
          "flake-compat"
        ],
        "flake-utils": [
          "mcl-blockchain",
          "flake-utils"
        ],
        "nixpkgs": [
          "mcl-blockchain",
          "nixpkgs"
        ],
        "rust-overlay": [
          "mcl-blockchain",
          "rust-overlay"
        ]
      },
      "locked": {
        "lastModified": 1688975793,
        "narHash": "sha256-8JQFFkkr+3RkUi4PnGcrJIJRnVMclrNvwoKMez18WXM=",
        "owner": "noir-lang",
        "repo": "noir",
        "rev": "285182771c5dda79b0879452f0307ac02b37f8a0",
        "type": "github"
      },
      "original": {
        "owner": "noir-lang",
        "repo": "noir",
        "type": "github"
      }
    },
    "root": {
      "inputs": {
        "flake-parts": [
          "mcl-blockchain",
          "flake-parts"
        ],
        "mcl-blockchain": "mcl-blockchain",
        "nixpkgs": [
          "mcl-blockchain",
          "nixpkgs"
        ]
      }
    },
    "rust-overlay": {
      "inputs": {
        "flake-utils": [
          "mcl-blockchain",
          "flake-utils"
        ],
        "nixpkgs": [
          "mcl-blockchain",
          "nixpkgs"
        ]
      },
      "locked": {
        "lastModified": 1688956505,
        "narHash": "sha256-6sa19mHTkdOi867lIolhpiS20trMdo0unk5/37859X4=",
        "owner": "oxalica",
        "repo": "rust-overlay",
        "rev": "4acc04c26df84e0a718c3efe4e13021222d23b28",
        "type": "github"
      },
      "original": {
        "owner": "oxalica",
        "repo": "rust-overlay",
        "type": "github"
      }
    },
    "systems": {
      "locked": {
        "lastModified": 1681028828,
        "narHash": "sha256-Vy1rq5AaRuLzOxct8nz4T6wlgyUR7zLU309k9mBC768=",
        "owner": "nix-systems",
        "repo": "default",
        "rev": "da67096a3b9bf56a91d16901293e51ba5b49a27e",
        "type": "github"
      },
      "original": {
        "owner": "nix-systems",
        "repo": "default",
        "type": "github"
      }
    }
  },
  "root": "root",
  "version": 7
}
