{
  "nodes": {
    "flake-utils": {
      "locked": {
        "lastModified": 1659877975,
        "narHash": "sha256-zllb8aq3YO3h8B/U0/J1WBgAL8EX5yWf5pMj3G0NAmc=",
        "owner": "numtide",
        "repo": "flake-utils",
        "rev": "c0e246b9b83f637f4681389ecabcb2681b4f3af0",
        "type": "github"
      },
      "original": {
        "owner": "numtide",
        "repo": "flake-utils",
        "type": "github"
      }
    },
    "mcl-blockchain": {
      "inputs": {
        "flake-utils": "flake-utils",
        "nixpkgs": "nixpkgs"
      },
      "locked": {
        "lastModified": 1661362553,
        "narHash": "sha256-8SAbNuOXLvStkmge5mkjo3gPxhj/5jpEDP48IJ9tc2s=",
        "owner": "metacraft-labs",
        "repo": "nix-blockchain-development",
        "rev": "4c2051c7922e14dbb1f1074105e8a39a6de8a685",
        "type": "github"
      },
      "original": {
        "owner": "metacraft-labs",
        "repo": "nix-blockchain-development",
        "type": "github"
      }
    },
    "nixpkgs": {
      "locked": {
        "lastModified": 1661262176,
        "narHash": "sha256-42FXNd2B0QECaULG0Vx+oYzQ9euKcmlg2gmX2D+HbKI=",
        "owner": "NixOS",
        "repo": "nixpkgs",
        "rev": "b9fd420fa535fd254c6f1f26df770b32a9dc98b4",
        "type": "github"
      },
      "original": {
        "owner": "NixOS",
        "ref": "nixos-22.05",
        "repo": "nixpkgs",
        "type": "github"
      }
    },
    "root": {
      "inputs": {
        "flake-utils": [
          "mcl-blockchain",
          "flake-utils"
        ],
        "mcl-blockchain": "mcl-blockchain",
        "nixpkgs": [
          "mcl-blockchain",
          "nixpkgs"
        ]
      }
    }
  },
  "root": "root",
  "version": 7
}
