# This file is generated by running "yarn install" inside your project.
# Manual changes might be lost - proceed with caution!

__metadata:
  version: 6
  cacheKey: 8

"@types/node@npm:^18.0.0":
  version: 18.0.0
  resolution: "@types/node@npm:18.0.0"
  checksum: aab2b325727a2599f6d25ebe0dedf58c40fb66a51ce4ca9c0226ceb70fcda2d3afccdca29db5942eb48b158ee8585a274a1e3750c718bbd5399d7f41d62dfdcc
  languageName: node
  linkType: hard

"DendrETH@workspace:.":
  version: 0.0.0-use.local
  resolution: "DendrETH@workspace:."
  dependencies:
    "@types/node": ^18.0.0
    prettier: ^2.6.2
    typescript: ^4.7.4
  languageName: unknown
  linkType: soft

"prettier@npm:^2.6.2":
  version: 2.6.2
  resolution: "prettier@npm:2.6.2"
  bin:
    prettier: bin-prettier.js
  checksum: 48d08dde8e9fb1f5bccdd205baa7f192e9fc8bc98f86e1b97d919de804e28c806b0e6cc685e4a88211aa7987fa9668f30baae19580d87ced3ed0f2ec6572106f
  languageName: node
  linkType: hard

"typescript@npm:^4.7.4":
  version: 4.7.4
  resolution: "typescript@npm:4.7.4"
  bin:
    tsc: bin/tsc
    tsserver: bin/tsserver
  checksum: 5750181b1cd7e6482c4195825547e70f944114fb47e58e4aa7553e62f11b3f3173766aef9c281783edfd881f7b8299cf35e3ca8caebe73d8464528c907a164df
  languageName: node
  linkType: hard

"typescript@patch:typescript@^4.7.4#~builtin<compat/typescript>":
  version: 4.7.4
  resolution: "typescript@patch:typescript@npm%3A4.7.4#~builtin<compat/typescript>::version=4.7.4&hash=7ad353"
  bin:
    tsc: bin/tsc
    tsserver: bin/tsserver
  checksum: 9096d8f6c16cb80ef3bf96fcbbd055bf1c4a43bd14f3b7be45a9fbe7ada46ec977f604d5feed3263b4f2aa7d4c7477ce5f9cd87de0d6feedec69a983f3a4f93e
  languageName: node
  linkType: hard
